
Microsoft Visual Studio Solution File, Format Version 12.00
# Visual Studio Version 16
VisualStudioVersion = 16.0.32602.291
MinimumVisualStudioVersion = 10.0.40219.1
Project("{9A19103F-16F7-4668-BE54-9A1E7A4F7556}") = "CopiesFinder", "CopiesFinder.csproj", "{7A96E529-6F7D-4581-99C1-CD6224DEBC1E}"
EndProject
Global
	GlobalSection(SolutionConfigurationPlatforms) = preSolution
		Debug|Any CPU = Debug|Any CPU
		Release|Any CPU = Release|Any CPU
	EndGlobalSection
	GlobalSection(ProjectConfigurationPlatforms) = postSolution
		{7A96E529-6F7D-4581-99C1-CD6224DEBC1E}.Debug|Any CPU.ActiveCfg = Debug|Any CPU
		{7A96E529-6F7D-4581-99C1-CD6224DEBC1E}.Debug|Any CPU.Build.0 = Debug|Any CPU
		{7A96E529-6F7D-4581-99C1-CD6224DEBC1E}.Release|Any CPU.ActiveCfg = Release|Any CPU
		{7A96E529-6F7D-4581-99C1-CD6224DEBC1E}.Release|Any CPU.Build.0 = Release|Any CPU
	EndGlobalSection
	GlobalSection(SolutionProperties) = preSolution
		HideSolutionNode = FALSE
	EndGlobalSection
	GlobalSection(ExtensibilityGlobals) = postSolution
		SolutionGuid = {0C334A98-60C3-4D38-A9F2-081C4CCFAB51}
	EndGlobalSection
EndGlobal
